
Microsoft Visual Studio Solution File, Format Version 12.00
# Visual Studio 14
VisualStudioVersion = 14.0.25420.1
MinimumVisualStudioVersion = 10.0.40219.1
Project("{FAE04EC0-301F-11D3-BF4B-00C04F79EFBC}") = "Cibertec.MegaMarket.BL.BC", "Cibertec.MegaMarket.BL.BC\Cibertec.MegaMarket.BL.BC.csproj", "{4E9178FD-64F4-4FDF-B5A9-90650681C864}"
EndProject
Project("{FAE04EC0-301F-11D3-BF4B-00C04F79EFBC}") = "Cibertec.MegaMarket.BL.BE", "Cibertec.MegaMarket.BL.BE\Cibertec.MegaMarket.BL.BE.csproj", "{EA5D5F54-20D4-4C64-828B-7615C801840D}"
EndProject
Project("{FAE04EC0-301F-11D3-BF4B-00C04F79EFBC}") = "Cibertec.MegaMarket.DL.DALC", "Cibertec.MegaMarket.DL.DALC\Cibertec.MegaMarket.DL.DALC.csproj", "{74B30D83-A91E-4A81-9C60-A896BEB3FDDF}"
EndProject
Project("{FAE04EC0-301F-11D3-BF4B-00C04F79EFBC}") = "Cibertec.MegaMarket.DL.Model", "Cibertec.MegaMarket.DL.Model\Cibertec.MegaMarket.DL.Model.csproj", "{D08B34CE-7729-4D4A-8392-D4BFE10B58D6}"
EndProject
Project("{2150E333-8FDC-42A3-9474-1A3956D46DE8}") = "1. UI", "1. UI", "{1A6B8322-69B1-46D2-9FB5-56DF6F963FBF}"
EndProject
Project("{2150E333-8FDC-42A3-9474-1A3956D46DE8}") = "2. Bl", "2. Bl", "{86031822-CC4D-4481-A2AA-8E1B1EA70D4D}"
EndProject
Project("{2150E333-8FDC-42A3-9474-1A3956D46DE8}") = "3. DL", "3. DL", "{9CCD7B96-0F61-48D5-9D55-60BF62E6D16E}"
EndProject
Project("{FAE04EC0-301F-11D3-BF4B-00C04F79EFBC}") = "Cibertec.MegaMarket.UI.App", "Cibertec.MegaMarket.UI.App\Cibertec.MegaMarket.UI.App.csproj", "{B7C68F41-BC80-4222-83B7-D3E716080870}"
EndProject
Global
	GlobalSection(SolutionConfigurationPlatforms) = preSolution
		Debug|Any CPU = Debug|Any CPU
		Release|Any CPU = Release|Any CPU
	EndGlobalSection
	GlobalSection(ProjectConfigurationPlatforms) = postSolution
		{4E9178FD-64F4-4FDF-B5A9-90650681C864}.Debug|Any CPU.ActiveCfg = Debug|Any CPU
		{4E9178FD-64F4-4FDF-B5A9-90650681C864}.Debug|Any CPU.Build.0 = Debug|Any CPU
		{4E9178FD-64F4-4FDF-B5A9-90650681C864}.Release|Any CPU.ActiveCfg = Release|Any CPU
		{4E9178FD-64F4-4FDF-B5A9-90650681C864}.Release|Any CPU.Build.0 = Release|Any CPU
		{EA5D5F54-20D4-4C64-828B-7615C801840D}.Debug|Any CPU.ActiveCfg = Debug|Any CPU
		{EA5D5F54-20D4-4C64-828B-7615C801840D}.Debug|Any CPU.Build.0 = Debug|Any CPU
		{EA5D5F54-20D4-4C64-828B-7615C801840D}.Release|Any CPU.ActiveCfg = Release|Any CPU
		{EA5D5F54-20D4-4C64-828B-7615C801840D}.Release|Any CPU.Build.0 = Release|Any CPU
		{74B30D83-A91E-4A81-9C60-A896BEB3FDDF}.Debug|Any CPU.ActiveCfg = Debug|Any CPU
		{74B30D83-A91E-4A81-9C60-A896BEB3FDDF}.Debug|Any CPU.Build.0 = Debug|Any CPU
		{74B30D83-A91E-4A81-9C60-A896BEB3FDDF}.Release|Any CPU.ActiveCfg = Release|Any CPU
		{74B30D83-A91E-4A81-9C60-A896BEB3FDDF}.Release|Any CPU.Build.0 = Release|Any CPU
		{D08B34CE-7729-4D4A-8392-D4BFE10B58D6}.Debug|Any CPU.ActiveCfg = Debug|Any CPU
		{D08B34CE-7729-4D4A-8392-D4BFE10B58D6}.Debug|Any CPU.Build.0 = Debug|Any CPU
		{D08B34CE-7729-4D4A-8392-D4BFE10B58D6}.Release|Any CPU.ActiveCfg = Release|Any CPU
		{D08B34CE-7729-4D4A-8392-D4BFE10B58D6}.Release|Any CPU.Build.0 = Release|Any CPU
		{B7C68F41-BC80-4222-83B7-D3E716080870}.Debug|Any CPU.ActiveCfg = Debug|Any CPU
		{B7C68F41-BC80-4222-83B7-D3E716080870}.Debug|Any CPU.Build.0 = Debug|Any CPU
		{B7C68F41-BC80-4222-83B7-D3E716080870}.Release|Any CPU.ActiveCfg = Release|Any CPU
		{B7C68F41-BC80-4222-83B7-D3E716080870}.Release|Any CPU.Build.0 = Release|Any CPU
	EndGlobalSection
	GlobalSection(SolutionProperties) = preSolution
		HideSolutionNode = FALSE
	EndGlobalSection
	GlobalSection(NestedProjects) = preSolution
		{4E9178FD-64F4-4FDF-B5A9-90650681C864} = {86031822-CC4D-4481-A2AA-8E1B1EA70D4D}
		{EA5D5F54-20D4-4C64-828B-7615C801840D} = {86031822-CC4D-4481-A2AA-8E1B1EA70D4D}
		{74B30D83-A91E-4A81-9C60-A896BEB3FDDF} = {9CCD7B96-0F61-48D5-9D55-60BF62E6D16E}
		{D08B34CE-7729-4D4A-8392-D4BFE10B58D6} = {9CCD7B96-0F61-48D5-9D55-60BF62E6D16E}
		{B7C68F41-BC80-4222-83B7-D3E716080870} = {1A6B8322-69B1-46D2-9FB5-56DF6F963FBF}
	EndGlobalSection
EndGlobal
